
Microsoft Visual Studio Solution File, Format Version 12.00
# Visual Studio Version 16
VisualStudioVersion = 16.0.31624.102
MinimumVisualStudioVersion = 10.0.40219.1
Project("{9A19103F-16F7-4668-BE54-9A1E7A4F7556}") = "ConsoleApplication", "ConsoleApplication\ConsoleApplication.csproj", "{98F8FBCB-ECFF-4E21-9542-4A7480597009}"
EndProject
Project("{9A19103F-16F7-4668-BE54-9A1E7A4F7556}") = "TestProject1", "TestProject1\TestProject1.csproj", "{C4CAFBD2-1947-4764-8B4B-796DFF37485A}"
EndProject
Project("{FAE04EC0-301F-11D3-BF4B-00C04F79EFBC}") = "StepByStepLiskovTestByBuilders", "StepByStepLiskovTestByBuilders\StepByStepLiskovTestByBuilders.csproj", "{896229AE-0F94-48D3-88FC-CA4721049A55}"
EndProject
Global
	GlobalSection(SolutionConfigurationPlatforms) = preSolution
		Debug|Any CPU = Debug|Any CPU
		Release|Any CPU = Release|Any CPU
	EndGlobalSection
	GlobalSection(ProjectConfigurationPlatforms) = postSolution
		{98F8FBCB-ECFF-4E21-9542-4A7480597009}.Debug|Any CPU.ActiveCfg = Debug|Any CPU
		{98F8FBCB-ECFF-4E21-9542-4A7480597009}.Debug|Any CPU.Build.0 = Debug|Any CPU
		{98F8FBCB-ECFF-4E21-9542-4A7480597009}.Release|Any CPU.ActiveCfg = Release|Any CPU
		{98F8FBCB-ECFF-4E21-9542-4A7480597009}.Release|Any CPU.Build.0 = Release|Any CPU
		{C4CAFBD2-1947-4764-8B4B-796DFF37485A}.Debug|Any CPU.ActiveCfg = Debug|Any CPU
		{C4CAFBD2-1947-4764-8B4B-796DFF37485A}.Debug|Any CPU.Build.0 = Debug|Any CPU
		{C4CAFBD2-1947-4764-8B4B-796DFF37485A}.Release|Any CPU.ActiveCfg = Release|Any CPU
		{C4CAFBD2-1947-4764-8B4B-796DFF37485A}.Release|Any CPU.Build.0 = Release|Any CPU
		{896229AE-0F94-48D3-88FC-CA4721049A55}.Debug|Any CPU.ActiveCfg = Debug|Any CPU
		{896229AE-0F94-48D3-88FC-CA4721049A55}.Debug|Any CPU.Build.0 = Debug|Any CPU
		{896229AE-0F94-48D3-88FC-CA4721049A55}.Release|Any CPU.ActiveCfg = Release|Any CPU
		{896229AE-0F94-48D3-88FC-CA4721049A55}.Release|Any CPU.Build.0 = Release|Any CPU
	EndGlobalSection
	GlobalSection(SolutionProperties) = preSolution
		HideSolutionNode = FALSE
	EndGlobalSection
	GlobalSection(ExtensibilityGlobals) = postSolution
		SolutionGuid = {196A7004-4FA3-409F-BC6D-63583791C923}
	EndGlobalSection
EndGlobal
